{
  "originHash" : "0d91338f518cc0cb5a24f0066503df70c106b443da4f86b2f2fe5529ac931d32",
  "pins" : [
    {
      "identity" : "alamofire",
      "kind" : "remoteSourceControl",
      "location" : "https://github.com/Alamofire/Alamofire.git",
      "state" : {
        "revision" : "513364f870f6bfc468f9d2ff0a95caccc10044c5",
        "version" : "5.10.2"
      }
    },
    {
      "identity" : "highcharts-ios",
      "kind" : "remoteSourceControl",
      "location" : "https://github.com/highcharts/highcharts-ios.git",
      "state" : {
        "revision" : "d8a9211ba4184112e13ca567dc6b4f58e04e0cab",
        "version" : "11.4.8"
      }
    },
    {
      "identity" : "swiftspinner",
      "kind" : "remoteSourceControl",
      "location" : "https://github.com/icanzilb/SwiftSpinner",
      "state" : {
        "revision" : "f6cfeb6f1780571bdef8bdaf924ccdb573d23e33",
        "version" : "2.2.0"
      }
    },
    {
      "identity" : "swiftyjson",
      "kind" : "remoteSourceControl",
      "location" : "https://github.com/SwiftyJSON/SwiftyJSON",
      "state" : {
        "revision" : "af76cf3ef710b6ca5f8c05f3a31307d44a3c5828",
        "version" : "5.0.2"
      }
    },
    {
      "identity" : "toast-swift",
      "kind" : "remoteSourceControl",
      "location" : "https://github.com/scalessec/Toast-Swift",
      "state" : {
        "revision" : "ddccd20d6fb718448d9b179c454c561653fda7d5",
        "version" : "5.1.1"
      }
    }
  ],
  "version" : 3
}
